
Microsoft Visual Studio Solution File, Format Version 11.00
# Visual Studio 2010
Project("{FAE04EC0-301F-11D3-BF4B-00C04F79EFBC}") = "Example 17-12", "Example 17-12\Example 17-12.csproj", "{8034E340-FD24-4D2B-B20B-25BC0E37B65C}"
EndProject
Global
	GlobalSection(SolutionConfigurationPlatforms) = preSolution
		Debug|x86 = Debug|x86
		Release|x86 = Release|x86
	EndGlobalSection
	GlobalSection(ProjectConfigurationPlatforms) = postSolution
		{8034E340-FD24-4D2B-B20B-25BC0E37B65C}.Debug|x86.ActiveCfg = Debug|x86
		{8034E340-FD24-4D2B-B20B-25BC0E37B65C}.Debug|x86.Build.0 = Debug|x86
		{8034E340-FD24-4D2B-B20B-25BC0E37B65C}.Release|x86.ActiveCfg = Release|x86
		{8034E340-FD24-4D2B-B20B-25BC0E37B65C}.Release|x86.Build.0 = Release|x86
	EndGlobalSection
	GlobalSection(SolutionProperties) = preSolution
		HideSolutionNode = FALSE
	EndGlobalSection
EndGlobal
